Microsoft Visual Studio Solution File, Format Version 12.00
# Visual Studio Version 17
VisualStudioVersion = 17.14.35806.103
MinimumVisualStudioVersion = 10.0.40219.1
Project("{FAE04EC0-301F-11D3-BF4B-00C04F79EFBC}") = "SignalRChat", "SignalRChat.csproj", "{C8CECB26-2517-49D6-AC56-981C3F7339C2}"
EndProject
Global
	GlobalSection(SolutionConfigurationPlatforms) = preSolution
		Debug|Any CPU = Debug|Any CPU
		Release|Any CPU = Release|Any CPU
	EndGlobalSection
	GlobalSection(ProjectConfigurationPlatforms) = postSolution
		{C8CECB26-2517-49D6-AC56-981C3F7339C2}.Debug|Any CPU.ActiveCfg = Debug|Any CPU
		{C8CECB26-2517-49D6-AC56-981C3F7339C2}.Debug|Any CPU.Build.0 = Debug|Any CPU
		{C8CECB26-2517-49D6-AC56-981C3F7339C2}.Release|Any CPU.ActiveCfg = Release|Any CPU
		{C8CECB26-2517-49D6-AC56-981C3F7339C2}.Release|Any CPU.Build.0 = Release|Any CPU
	EndGlobalSection
	GlobalSection(SolutionProperties) = preSolution
		HideSolutionNode = FALSE
	EndGlobalSection
	GlobalSection(ExtensibilityGlobals) = postSolution
		SolutionGuid = {AAE9E8FA-E969-4840-94B2-0EA993DF2FBC}
	EndGlobalSection
EndGlobal
